// !$*UTF8*$!
{
	archiveVersion = 1;
	classes = {
	};
	objectVersion = 55;
	objects = {

/* Begin PBXBuildFile section */
		6027EAE829153FDB003A087A /* AppDelegate.swift in Sources */ = {isa = PBXBuildFile; fileRef = 6027EAE729153FDB003A087A /* AppDelegate.swift */; };
		6027EAEA29153FDB003A087A /* SceneDelegate.swift in Sources */ = {isa = PBXBuildFile; fileRef = 6027EAE929153FDB003A087A /* SceneDelegate.swift */; };
		6027EAEC29153FDB003A087A /* ViewController.swift in Sources */ = {isa = PBXBuildFile; fileRef = 6027EAEB29153FDB003A087A /* ViewController.swift */; };
		6027EAEF29153FDB003A087A /* Main.storyboard in Resources */ = {isa = PBXBuildFile; fileRef = 6027EAED29153FDB003A087A /* Main.storyboard */; };
		6027EAF129153FDF003A087A /* Assets.xcassets in Resources */ = {isa = PBXBuildFile; fileRef = 6027EAF029153FDF003A087A /* Assets.xcassets */; };
		6027EAF429153FDF003A087A /* LaunchScreen.storyboard in Resources */ = {isa = PBXBuildFile; fileRef = 6027EAF229153FDF003A087A /* LaunchScreen.storyboard */; };
		6027EAFF29153FE0003A087A /* test1Tests.swift in Sources */ = {isa = PBXBuildFile; fileRef = 6027EAFE29153FE0003A087A /* test1Tests.swift */; };
		6027EB0929153FE0003A087A /* test1UITests.swift in Sources */ = {isa = PBXBuildFile; fileRef = 6027EB0829153FE0003A087A /* test1UITests.swift */; };
		6027EB0B29153FE0003A087A /* test1UITestsLaunchTests.swift in Sources */ = {isa = PBXBuildFile; fileRef = 6027EB0A29153FE0003A087A /* test1UITestsLaunchTests.swift */; };
		6027EB1A2916114B003A087A /* IMG_8504.jpg in Resources */ = {isa = PBXBuildFile; fileRef = 6027EB192916114B003A087A /* IMG_8504.jpg */; };
/* End PBXBuildFile section */

/* Begin PBXContainerItemProxy section */
		6027EAFB29153FE0003A087A /* PBXContainerItemProxy */ = {
			isa = PBXContainerItemProxy;
			containerPortal = 6027EADC29153FDB003A087A /* Project object */;
			proxyType = 1;
			remoteGlobalIDString = 6027EAE329153FDB003A087A;
			remoteInfo = test1;
		};
		6027EB0529153FE0003A087A /* PBXContainerItemProxy */ = {
			isa = PBXContainerItemProxy;
			containerPortal = 6027EADC29153FDB003A087A /* Project object */;
			proxyType = 1;
			remoteGlobalIDString = 6027EAE329153FDB003A087A;
			remoteInfo = test1;
		};
/* End PBXContainerItemProxy section */

/* Begin PBXFileReference section */
		6027EAE429153FDB003A087A /* test1.app */ = {isa = PBXFileReference; explicitFileType = wrapper.application; includeInIndex = 0; path = test1.app; sourceTree = BUILT_PRODUCTS_DIR; };
		6027EAE729153FDB003A087A /* AppDelegate.swift */ = {isa = PBXFileReference; lastKnownFileType = sourcecode.swift; path = AppDelegate.swift; sourceTree = "<group>"; };
		6027EAE929153FDB003A087A /* SceneDelegate.swift */ = {isa = PBXFileReference; lastKnownFileType = sourcecode.swift; path = SceneDelegate.swift; sourceTree = "<group>"; };
		6027EAEB29153FDB003A087A /* ViewController.swift */ = {isa = PBXFileReference; lastKnownFileType = sourcecode.swift; path = ViewController.swift; sourceTree = "<group>"; };
		6027EAEE29153FDB003A087A /* Base */ = {isa = PBXFileReference; lastKnownFileType = file.storyboard; name = Base; path = Base.lproj/Main.storyboard; sourceTree = "<group>"; };
		6027EAF029153FDF003A087A /* Assets.xcassets */ = {isa = PBXFileReference; lastKnownFileType = folder.assetcatalog; path = Assets.xcassets; sourceTree = "<group>"; };
		6027EAF329153FDF003A087A /* Base */ = {isa = PBXFileReference; lastKnownFileType = file.storyboard; name = Base; path = Base.lproj/LaunchScreen.storyboard; sourceTree = "<group>"; };
		6027EAF529153FDF003A087A /* Info.plist */ = {isa = PBXFileReference; lastKnownFileType = text.plist.xml; path = Info.plist; sourceTree = "<group>"; };
		6027EAFA29153FE0003A087A /* test1Tests.xctest */ = {isa = PBXFileReference; explicitFileType = wrapper.cfbundle; includeInIndex = 0; path = test1Tests.xctest; sourceTree = BUILT_PRODUCTS_DIR; };
		6027EAFE29153FE0003A087A /* test1Tests.swift */ = {isa = PBXFileReference; lastKnownFileType = sourcecode.swift; path = test1Tests.swift; sourceTree = "<group>"; };
		6027EB0429153FE0003A087A /* test1UITests.xctest */ = {isa = PBXFileReference; explicitFileType = wrapper.cfbundle; includeInIndex = 0; path = test1UITests.xctest; sourceTree = BUILT_PRODUCTS_DIR; };
		6027EB0829153FE0003A087A /* test1UITests.swift */ = {isa = PBXFileReference; lastKnownFileType = sourcecode.swift; path = test1UITests.swift; sourceTree = "<group>"; };
		6027EB0A29153FE0003A087A /* test1UITestsLaunchTests.swift */ = {isa = PBXFileReference; lastKnownFileType = sourcecode.swift; path = test1UITestsLaunchTests.swift; sourceTree = "<group>"; };
		6027EB192916114B003A087A /* IMG_8504.jpg */ = {isa = PBXFileReference; lastKnownFileType = image.jpeg; path = IMG_8504.jpg; sourceTree = "<group>"; };
/* End PBXFileReference section */

/* Begin PBXFrameworksBuildPhase section */
		6027EAE129153FDB003A087A /* Frameworks */ = {
			isa = PBXFrameworksBuildPhase;
			buildActionMask = 2147483647;
			files = (
			);
			runOnlyForDeploymentPostprocessing = 0;
		};
		6027EAF729153FE0003A087A /* Frameworks */ = {
			isa = PBXFrameworksBuildPhase;
			buildActionMask = 2147483647;
			files = (
			);
			runOnlyForDeploymentPostprocessing = 0;
		};
		6027EB0129153FE0003A087A /* Frameworks */ = {
			isa = PBXFrameworksBuildPhase;
			buildActionMask = 2147483647;
			files = (
			);
			runOnlyForDeploymentPostprocessing = 0;
		};
/* End PBXFrameworksBuildPhase section */

/* Begin PBXGroup section */
		6027EADB29153FDB003A087A = {
			isa = PBXGroup;
			children = (
				6027EAE629153FDB003A087A /* test1 */,
				6027EAFD29153FE0003A087A /* test1Tests */,
				6027EB0729153FE0003A087A /* test1UITests */,
				6027EAE529153FDB003A087A /* Products */,
			);
			sourceTree = "<group>";
		};
		6027EAE529153FDB003A087A /* Products */ = {
			isa = PBXGroup;
			children = (
				6027EAE429153FDB003A087A /* test1.app */,
				6027EAFA29153FE0003A087A /* test1Tests.xctest */,
				6027EB0429153FE0003A087A /* test1UITests.xctest */,
			);
			name = Products;
			sourceTree = "<group>";
		};
		6027EAE629153FDB003A087A /* test1 */ = {
			isa = PBXGroup;
			children = (
				6027EAE729153FDB003A087A /* AppDelegate.swift */,
				6027EAE929153FDB003A087A /* SceneDelegate.swift */,
				6027EAEB29153FDB003A087A /* ViewController.swift */,
				6027EAED29153FDB003A087A /* Main.storyboard */,
				6027EB192916114B003A087A /* IMG_8504.jpg */,
				6027EAF029153FDF003A087A /* Assets.xcassets */,
				6027EAF229153FDF003A087A /* LaunchScreen.storyboard */,
				6027EAF529153FDF003A087A /* Info.plist */,
			);
			path = test1;
			sourceTree = "<group>";
		};
		6027EAFD29153FE0003A087A /* test1Tests */ = {
			isa = PBXGroup;
			children = (
				6027EAFE29153FE0003A087A /* test1Tests.swift */,
			);
			path = test1Tests;
			sourceTree = "<group>";
		};
		6027EB0729153FE0003A087A /* test1UITests */ = {
			isa = PBXGroup;
			children = (
				6027EB0829153FE0003A087A /* test1UITests.swift */,
				6027EB0A29153FE0003A087A /* test1UITestsLaunchTests.swift */,
			);
			path = test1UITests;
			sourceTree = "<group>";
		};
/* End PBXGroup section */

/* Begin PBXNativeTarget section */
		6027EAE329153FDB003A087A /* test1 */ = {
			isa = PBXNativeTarget;
			buildConfigurationList = 6027EB0E29153FE0003A087A /* Build configuration list for PBXNativeTarget "test1" */;
			buildPhases = (
				6027EAE029153FDB003A087A /* Sources */,
				6027EAE129153FDB003A087A /* Frameworks */,
				6027EAE229153FDB003A087A /* Resources */,
			);
			buildRules = (
			);
			dependencies = (
			);
			name = test1;
			productName = test1;
			productReference = 6027EAE429153FDB003A087A /* test1.app */;
			productType = "com.apple.product-type.application";
		};
		6027EAF929153FE0003A087A /* test1Tests */ = {
			isa = PBXNativeTarget;
			buildConfigurationList = 6027EB1129153FE0003A087A /* Build configuration list for PBXNativeTarget "test1Tests" */;
			buildPhases = (
				6027EAF629153FE0003A087A /* Sources */,
				6027EAF729153FE0003A087A /* Frameworks */,
				6027EAF829153FE0003A087A /* Resources */,
			);
			buildRules = (
			);
			dependencies = (
				6027EAFC29153FE0003A087A /* PBXTargetDependency */,
			);
			name = test1Tests;
			productName = test1Tests;
			productReference = 6027EAFA29153FE0003A087A /* test1Tests.xctest */;
			productType = "com.apple.product-type.bundle.unit-test";
		};
		6027EB0329153FE0003A087A /* test1UITests */ = {
			isa = PBXNativeTarget;
			buildConfigurationList = 6027EB1429153FE0003A087A /* Build configuration list for PBXNativeTarget "test1UITests" */;
			buildPhases = (
				6027EB0029153FE0003A087A /* Sources */,
				6027EB0129153FE0003A087A /* Frameworks */,
				6027EB0229153FE0003A087A /* Resources */,
			);
			buildRules = (
			);
			dependencies = (
				6027EB0629153FE0003A087A /* PBXTargetDependency */,
			);
			name = test1UITests;
			productName = test1UITests;
			productReference = 6027EB0429153FE0003A087A /* test1UITests.xctest */;
			productType = "com.apple.product-type.bundle.ui-testing";
		};
/* End PBXNativeTarget section */

/* Begin PBXProject section */
		6027EADC29153FDB003A087A /* Project object */ = {
			isa = PBXProject;
			attributes = {
				BuildIndependentTargetsInParallel = 1;
				LastSwiftUpdateCheck = 1320;
				LastUpgradeCheck = 1320;
				TargetAttributes = {
					6027EAE329153FDB003A087A = {
						CreatedOnToolsVersion = 13.2;
					};
					6027EAF929153FE0003A087A = {
						CreatedOnToolsVersion = 13.2;
						TestTargetID = 6027EAE329153FDB003A087A;
					};
					6027EB0329153FE0003A087A = {
						CreatedOnToolsVersion = 13.2;
						TestTargetID = 6027EAE329153FDB003A087A;
					};
				};
			};
			buildConfigurationList = 6027EADF29153FDB003A087A /* Build configuration list for PBXProject "test1" */;
			compatibilityVersion = "Xcode 13.0";
			developmentRegion = en;
			hasScannedForEncodings = 0;
			knownRegions = (
				en,
				Base,
			);
			mainGroup = 6027EADB29153FDB003A087A;
			productRefGroup = 6027EAE529153FDB003A087A /* Products */;
			projectDirPath = "";
			projectRoot = "";
			targets = (
				6027EAE329153FDB003A087A /* test1 */,
				6027EAF929153FE0003A087A /* test1Tests */,
				6027EB0329153FE0003A087A /* test1UITests */,
			);
		};
/* End PBXProject section */

/* Begin PBXResourcesBuildPhase section */
		6027EAE229153FDB003A087A /* Resources */ = {
			isa = PBXResourcesBuildPhase;
			buildActionMask = 2147483647;
			files = (
				6027EB1A2916114B003A087A /* IMG_8504.jpg in Resources */,
				6027EAF429153FDF003A087A /* LaunchScreen.storyboard in Resources */,
				6027EAF129153FDF003A087A /* Assets.xcassets in Resources */,
				6027EAEF29153FDB003A087A /* Main.storyboard in Resources */,
			);
			runOnlyForDeploymentPostprocessing = 0;
		};
		6027EAF829153FE0003A087A /* Resources */ = {
			isa = PBXResourcesBuildPhase;
			buildActionMask = 2147483647;
			files = (
			);
			runOnlyForDeploymentPostprocessing = 0;
		};
		6027EB0229153FE0003A087A /* Resources */ = {
			isa = PBXResourcesBuildPhase;
			buildActionMask = 2147483647;
			files = (
			);
			runOnlyForDeploymentPostprocessing = 0;
		};
/* End PBXResourcesBuildPhase section */

/* Begin PBXSourcesBuildPhase section */
		6027EAE029153FDB003A087A /* Sources */ = {
			isa = PBXSourcesBuildPhase;
			buildActionMask = 2147483647;
			files = (
				6027EAEC29153FDB003A087A /* ViewController.swift in Sources */,
				6027EAE829153FDB003A087A /* AppDelegate.swift in Sources */,
				6027EAEA29153FDB003A087A /* SceneDelegate.swift in Sources */,
			);
			runOnlyForDeploymentPostprocessing = 0;
		};
		6027EAF629153FE0003A087A /* Sources */ = {
			isa = PBXSourcesBuildPhase;
			buildActionMask = 2147483647;
			files = (
				6027EAFF29153FE0003A087A /* test1Tests.swift in Sources */,
			);
			runOnlyForDeploymentPostprocessing = 0;
		};
		6027EB0029153FE0003A087A /* Sources */ = {
			isa = PBXSourcesBuildPhase;
			buildActionMask = 2147483647;
			files = (
				6027EB0B29153FE0003A087A /* test1UITestsLaunchTests.swift in Sources */,
				6027EB0929153FE0003A087A /* test1UITests.swift in Sources */,
			);
			runOnlyForDeploymentPostprocessing = 0;
		};
/* End PBXSourcesBuildPhase section */

/* Begin PBXTargetDependency section */
		6027EAFC29153FE0003A087A /* PBXTargetDependency */ = {
			isa = PBXTargetDependency;
			target = 6027EAE329153FDB003A087A /* test1 */;
			targetProxy = 6027EAFB29153FE0003A087A /* PBXContainerItemProxy */;
		};
		6027EB0629153FE0003A087A /* PBXTargetDependency */ = {
			isa = PBXTargetDependency;
			target = 6027EAE329153FDB003A087A /* test1 */;
			targetProxy = 6027EB0529153FE0003A087A /* PBXContainerItemProxy */;
		};
/* End PBXTargetDependency section */

/* Begin PBXVariantGroup section */
		6027EAED29153FDB003A087A /* Main.storyboard */ = {
			isa = PBXVariantGroup;
			children = (
				6027EAEE29153FDB003A087A /* Base */,
			);
			name = Main.storyboard;
			sourceTree = "<group>";
		};
		6027EAF229153FDF003A087A /* LaunchScreen.storyboard */ = {
			isa = PBXVariantGroup;
			children = (
				6027EAF329153FDF003A087A /* Base */,
			);
			name = LaunchScreen.storyboard;
			sourceTree = "<group>";
		};
/* End PBXVariantGroup section */

/* Begin XCBuildConfiguration section */
		6027EB0C29153FE0003A087A /* Debug */ = {
			isa = XCBuildConfiguration;
			buildSettings = {
				ALWAYS_SEARCH_USER_PATHS = NO;
				CLANG_ANALYZER_NONNULL = YES;
				CLANG_ANALYZER_NUMBER_OBJECT_CONVERSION = YES_AGGRESSIVE;
				CLANG_CXX_LANGUAGE_STANDARD = "gnu++17";
				CLANG_CXX_LIBRARY = "libc++";
				CLANG_ENABLE_MODULES = YES;
				CLANG_ENABLE_OBJC_ARC = YES;
				CLANG_ENABLE_OBJC_WEAK = YES;
				CLANG_WARN_BLOCK_CAPTURE_AUTORELEASING = YES;
				CLANG_WARN_BOOL_CONVERSION = YES;
				CLANG_WARN_COMMA = YES;
				CLANG_WARN_CONSTANT_CONVERSION = YES;
				CLANG_WARN_DEPRECATED_OBJC_IMPLEMENTATIONS = YES;
				CLANG_WARN_DIRECT_OBJC_ISA_USAGE = YES_ERROR;
				CLANG_WARN_DOCUMENTATION_COMMENTS = YES;
				CLANG_WARN_EMPTY_BODY = YES;
				CLANG_WARN_ENUM_CONVERSION = YES;
				CLANG_WARN_INFINITE_RECURSION = YES;
				CLANG_WARN_INT_CONVERSION = YES;
				CLANG_WARN_NON_LITERAL_NULL_CONVERSION = YES;
				CLANG_WARN_OBJC_IMPLICIT_RETAIN_SELF = YES;
				CLANG_WARN_OBJC_LITERAL_CONVERSION = YES;
				CLANG_WARN_OBJC_ROOT_CLASS = YES_ERROR;
				CLANG_WARN_QUOTED_INCLUDE_IN_FRAMEWORK_HEADER = YES;
				CLANG_WARN_RANGE_LOOP_ANALYSIS = YES;
				CLANG_WARN_STRICT_PROTOTYPES = YES;
				CLANG_WARN_SUSPICIOUS_MOVE = YES;
				CLANG_WARN_UNGUARDED_AVAILABILITY = YES_AGGRESSIVE;
				CLANG_WARN_UNREACHABLE_CODE = YES;
				CLANG_WARN__DUPLICATE_METHOD_MATCH = YES;
				COPY_PHASE_STRIP = NO;
				DEBUG_INFORMATION_FORMAT = dwarf;
				ENABLE_STRICT_OBJC_MSGSEND = YES;
				ENABLE_TESTABILITY = YES;
				GCC_C_LANGUAGE_STANDARD = gnu11;
				GCC_DYNAMIC_NO_PIC = NO;
				GCC_NO_COMMON_BLOCKS = YES;
				GCC_OPTIMIZATION_LEVEL = 0;
				GCC_PREPROCESSOR_DEFINITIONS = (
					"DEBUG=1",
					"$(inherited)",
				);
				GCC_WARN_64_TO_32_BIT_CONVERSION = YES;
				GCC_WARN_ABOUT_RETURN_TYPE = YES_ERROR;
				GCC_WARN_UNDECLARED_SELECTOR = YES;
				GCC_WARN_UNINITIALIZED_AUTOS = YES_AGGRESSIVE;
				GCC_WARN_UNUSED_FUNCTION = YES;
				GCC_WARN_UNUSED_VARIABLE = YES;
				IPHONEOS_DEPLOYMENT_TARGET = 15.2;
				MTL_ENABLE_DEBUG_INFO = INCLUDE_SOURCE;
				MTL_FAST_MATH = YES;
				ONLY_ACTIVE_ARCH = YES;
				SDKROOT = iphoneos;
				SWIFT_ACTIVE_COMPILATION_CONDITIONS = DEBUG;
				SWIFT_OPTIMIZATION_LEVEL = "-Onone";
			};
			name = Debug;
		};
		6027EB0D29153FE0003A087A /* Release */ = {
			isa = XCBuildConfiguration;
			buildSettings = {
				ALWAYS_SEARCH_USER_PATHS = NO;
				CLANG_ANALYZER_NONNULL = YES;
				CLANG_ANALYZER_NUMBER_OBJECT_CONVERSION = YES_AGGRESSIVE;
				CLANG_CXX_LANGUAGE_STANDARD = "gnu++17";
				CLANG_CXX_LIBRARY = "libc++";
				CLANG_ENABLE_MODULES = YES;
				CLANG_ENABLE_OBJC_ARC = YES;
				CLANG_ENABLE_OBJC_WEAK = YES;
				CLANG_WARN_BLOCK_CAPTURE_AUTORELEASING = YES;
				CLANG_WARN_BOOL_CONVERSION = YES;
				CLANG_WARN_COMMA = YES;
				CLANG_WARN_CONSTANT_CONVERSION = YES;
				CLANG_WARN_DEPRECATED_OBJC_IMPLEMENTATIONS = YES;
				CLANG_WARN_DIRECT_OBJC_ISA_USAGE = YES_ERROR;
				CLANG_WARN_DOCUMENTATION_COMMENTS = YES;
				CLANG_WARN_EMPTY_BODY = YES;
				CLANG_WARN_ENUM_CONVERSION = YES;
				CLANG_WARN_INFINITE_RECURSION = YES;
				CLANG_WARN_INT_CONVERSION = YES;
				CLANG_WARN_NON_LITERAL_NULL_CONVERSION = YES;
				CLANG_WARN_OBJC_IMPLICIT_RETAIN_SELF = YES;
				CLANG_WARN_OBJC_LITERAL_CONVERSION = YES;
				CLANG_WARN_OBJC_ROOT_CLASS = YES_ERROR;
				CLANG_WARN_QUOTED_INCLUDE_IN_FRAMEWORK_HEADER = YES;
				CLANG_WARN_RANGE_LOOP_ANALYSIS = YES;
				CLANG_WARN_STRICT_PROTOTYPES = YES;
				CLANG_WARN_SUSPICIOUS_MOVE = YES;
				CLANG_WARN_UNGUARDED_AVAILABILITY = YES_AGGRESSIVE;
				CLANG_WARN_UNREACHABLE_CODE = YES;
				CLANG_WARN__DUPLICATE_METHOD_MATCH = YES;
				COPY_PHASE_STRIP = NO;
				DEBUG_INFORMATION_FORMAT = "dwarf-with-dsym";
				ENABLE_NS_ASSERTIONS = NO;
				ENABLE_STRICT_OBJC_MSGSEND = YES;
				GCC_C_LANGUAGE_STANDARD = gnu11;
				GCC_NO_COMMON_BLOCKS = YES;
				GCC_WARN_64_TO_32_BIT_CONVERSION = YES;
				GCC_WARN_ABOUT_RETURN_TYPE = YES_ERROR;
				GCC_WARN_UNDECLARED_SELECTOR = YES;
				GCC_WARN_UNINITIALIZED_AUTOS = YES_AGGRESSIVE;
				GCC_WARN_UNUSED_FUNCTION = YES;
				GCC_WARN_UNUSED_VARIABLE = YES;
				IPHONEOS_DEPLOYMENT_TARGET = 15.2;
				MTL_ENABLE_DEBUG_INFO = NO;
				MTL_FAST_MATH = YES;
				SDKROOT = iphoneos;
				SWIFT_COMPILATION_MODE = wholemodule;
				SWIFT_OPTIMIZATION_LEVEL = "-O";
				VALIDATE_PRODUCT = YES;
			};
			name = Release;
		};
		6027EB0F29153FE0003A087A /* Debug */ = {
			isa = XCBuildConfiguration;
			buildSettings = {
				ASSETCATALOG_COMPILER_APPICON_NAME = AppIcon;
				ASSETCATALOG_COMPILER_GLOBAL_ACCENT_COLOR_NAME = AccentColor;
				CODE_SIGN_STYLE = Automatic;
				CURRENT_PROJECT_VERSION = 1;
				GENERATE_INFOPLIST_FILE = YES;
				INFOPLIST_FILE = test1/Info.plist;
				INFOPLIST_KEY_UIApplicationSupportsIndirectInputEvents = YES;
				INFOPLIST_KEY_UILaunchStoryboardName = LaunchScreen;
				INFOPLIST_KEY_UIMainStoryboardFile = Main;
				INFOPLIST_KEY_UISupportedInterfaceOrientations = "UIInterfaceOrientationPortrait UIInterfaceOrientationLandscapeLeft UIInterfaceOrientationLandscapeRight";
				INFOPLIST_KEY_UISupportedInterfaceOrientations_iPad = "UIInterfaceOrientationPortrait UIInterfaceOrientationPortraitUpsideDown UIInterfaceOrientationLandscapeLeft UIInterfaceOrientationLandscapeRight";
				INFOPLIST_KEY_UISupportedInterfaceOrientations_iPhone = "UIInterfaceOrientationPortrait UIInterfaceOrientationLandscapeLeft UIInterfaceOrientationLandscapeRight";
				IPHONEOS_DEPLOYMENT_TARGET = 14.0;
				LD_RUNPATH_SEARCH_PATHS = (
					"$(inherited)",
					"@executable_path/Frameworks",
				);
				MARKETING_VERSION = 1.0;
				PRODUCT_BUNDLE_IDENTIFIER = test.test1;
				PRODUCT_NAME = "$(TARGET_NAME)";
				SWIFT_EMIT_LOC_STRINGS = YES;
				SWIFT_VERSION = 5.0;
				TARGETED_DEVICE_FAMILY = "1,2";
			};
			name = Debug;
		};
		6027EB1029153FE0003A087A /* Release */ = {
			isa = XCBuildConfiguration;
			buildSettings = {
				ASSETCATALOG_COMPILER_APPICON_NAME = AppIcon;
				ASSETCATALOG_COMPILER_GLOBAL_ACCENT_COLOR_NAME = AccentColor;
				CODE_SIGN_STYLE = Automatic;
				CURRENT_PROJECT_VERSION = 1;
				GENERATE_INFOPLIST_FILE = YES;
				INFOPLIST_FILE = test1/Info.plist;
				INFOPLIST_KEY_UIApplicationSupportsIndirectInputEvents = YES;
				INFOPLIST_KEY_UILaunchStoryboardName = LaunchScreen;
				INFOPLIST_KEY_UIMainStoryboardFile = Main;
				INFOPLIST_KEY_UISupportedInterfaceOrientations = "UIInterfaceOrientationPortrait UIInterfaceOrientationLandscapeLeft UIInterfaceOrientationLandscapeRight";
				INFOPLIST_KEY_UISupportedInterfaceOrientations_iPad = "UIInterfaceOrientationPortrait UIInterfaceOrientationPortraitUpsideDown UIInterfaceOrientationLandscapeLeft UIInterfaceOrientationLandscapeRight";
				INFOPLIST_KEY_UISupportedInterfaceOrientations_iPhone = "UIInterfaceOrientationPortrait UIInterfaceOrientationLandscapeLeft UIInterfaceOrientationLandscapeRight";
				IPHONEOS_DEPLOYMENT_TARGET = 14.0;
				LD_RUNPATH_SEARCH_PATHS = (
					"$(inherited)",
					"@executable_path/Frameworks",
				);
				MARKETING_VERSION = 1.0;
				PRODUCT_BUNDLE_IDENTIFIER = test.test1;
				PRODUCT_NAME = "$(TARGET_NAME)";
				SWIFT_EMIT_LOC_STRINGS = YES;
				SWIFT_VERSION = 5.0;
				TARGETED_DEVICE_FAMILY = "1,2";
			};
			name = Release;
		};
		6027EB1229153FE0003A087A /* Debug */ = {
			isa = XCBuildConfiguration;
			buildSettings = {
				ALWAYS_EMBED_SWIFT_STANDARD_LIBRARIES = YES;
				BUNDLE_LOADER = "$(TEST_HOST)";
				CODE_SIGN_STYLE = Automatic;
				CURRENT_PROJECT_VERSION = 1;
				GENERATE_INFOPLIST_FILE = YES;
				IPHONEOS_DEPLOYMENT_TARGET = 15.2;
				MARKETING_VERSION = 1.0;
				PRODUCT_BUNDLE_IDENTIFIER = test.test1Tests;
				PRODUCT_NAME = "$(TARGET_NAME)";
				SWIFT_EMIT_LOC_STRINGS = NO;
				SWIFT_VERSION = 5.0;
				TARGETED_DEVICE_FAMILY = "1,2";
				TEST_HOST = "$(BUILT_PRODUCTS_DIR)/test1.app/test1";
			};
			name = Debug;
		};
		6027EB1329153FE0003A087A /* Release */ = {
			isa = XCBuildConfiguration;
			buildSettings = {
				ALWAYS_EMBED_SWIFT_STANDARD_LIBRARIES = YES;
				BUNDLE_LOADER = "$(TEST_HOST)";
				CODE_SIGN_STYLE = Automatic;
				CURRENT_PROJECT_VERSION = 1;
				GENERATE_INFOPLIST_FILE = YES;
				IPHONEOS_DEPLOYMENT_TARGET = 15.2;
				MARKETING_VERSION = 1.0;
				PRODUCT_BUNDLE_IDENTIFIER = test.test1Tests;
				PRODUCT_NAME = "$(TARGET_NAME)";
				SWIFT_EMIT_LOC_STRINGS = NO;
				SWIFT_VERSION = 5.0;
				TARGETED_DEVICE_FAMILY = "1,2";
				TEST_HOST = "$(BUILT_PRODUCTS_DIR)/test1.app/test1";
			};
			name = Release;
		};
		6027EB1529153FE0003A087A /* Debug */ = {
			isa = XCBuildConfiguration;
			buildSettings = {
				ALWAYS_EMBED_SWIFT_STANDARD_LIBRARIES = YES;
				CODE_SIGN_STYLE = Automatic;
				CURRENT_PROJECT_VERSION = 1;
				GENERATE_INFOPLIST_FILE = YES;
				MARKETING_VERSION = 1.0;
				PRODUCT_BUNDLE_IDENTIFIER = test.test1UITests;
				PRODUCT_NAME = "$(TARGET_NAME)";
				SWIFT_EMIT_LOC_STRINGS = NO;
				SWIFT_VERSION = 5.0;
				TARGETED_DEVICE_FAMILY = "1,2";
				TEST_TARGET_NAME = test1;
			};
			name = Debug;
		};
		6027EB1629153FE0003A087A /* Release */ = {
			isa = XCBuildConfiguration;
			buildSettings = {
				ALWAYS_EMBED_SWIFT_STANDARD_LIBRARIES = YES;
				CODE_SIGN_STYLE = Automatic;
				CURRENT_PROJECT_VERSION = 1;
				GENERATE_INFOPLIST_FILE = YES;
				MARKETING_VERSION = 1.0;
				PRODUCT_BUNDLE_IDENTIFIER = test.test1UITests;
				PRODUCT_NAME = "$(TARGET_NAME)";
				SWIFT_EMIT_LOC_STRINGS = NO;
				SWIFT_VERSION = 5.0;
				TARGETED_DEVICE_FAMILY = "1,2";
				TEST_TARGET_NAME = test1;
			};
			name = Release;
		};
/* End XCBuildConfiguration section */

/* Begin XCConfigurationList section */
		6027EADF29153FDB003A087A /* Build configuration list for PBXProject "test1" */ = {
			isa = XCConfigurationList;
			buildConfigurations = (
				6027EB0C29153FE0003A087A /* Debug */,
				6027EB0D29153FE0003A087A /* Release */,
			);
			defaultConfigurationIsVisible = 0;
			defaultConfigurationName = Release;
		};
		6027EB0E29153FE0003A087A /* Build configuration list for PBXNativeTarget "test1" */ = {
			isa = XCConfigurationList;
			buildConfigurations = (
				6027EB0F29153FE0003A087A /* Debug */,
				6027EB1029153FE0003A087A /* Release */,
			);
			defaultConfigurationIsVisible = 0;
			defaultConfigurationName = Release;
		};
		6027EB1129153FE0003A087A /* Build configuration list for PBXNativeTarget "test1Tests" */ = {
			isa = XCConfigurationList;
			buildConfigurations = (
				6027EB1229153FE0003A087A /* Debug */,
				6027EB1329153FE0003A087A /* Release */,
			);
			defaultConfigurationIsVisible = 0;
			defaultConfigurationName = Release;
		};
		6027EB1429153FE0003A087A /* Build configuration list for PBXNativeTarget "test1UITests" */ = {
			isa = XCConfigurationList;
			buildConfigurations = (
				6027EB1529153FE0003A087A /* Debug */,
				6027EB1629153FE0003A087A /* Release */,
			);
			defaultConfigurationIsVisible = 0;
			defaultConfigurationName = Release;
		};
/* End XCConfigurationList section */
	};
	rootObject = 6027EADC29153FDB003A087A /* Project object */;
}
